
Microsoft Visual Studio Solution File, Format Version 12.00
# Visual Studio 15
VisualStudioVersion = 15.0.28307.102
MinimumVisualStudioVersion = 10.0.40219.1
Project("{FAE04EC0-301F-11D3-BF4B-00C04F79EFBC}") = "Liberator.Excellerator", "Liberator.Excellerator\Liberator.Excellerator.csproj", "{E5EDF7D9-DE78-4C59-9D67-D47FC4A397B1}"
EndProject
Project("{FAE04EC0-301F-11D3-BF4B-00C04F79EFBC}") = "Liberator.ExcelleratorTests", "Liberator.ExcelleratorTests\Liberator.ExcelleratorTests.csproj", "{D957F817-475B-4141-81D4-D628C5F54558}"
EndProject
Global
	GlobalSection(SolutionConfigurationPlatforms) = preSolution
		Debug|Any CPU = Debug|Any CPU
		Release|Any CPU = Release|Any CPU
	EndGlobalSection
	GlobalSection(ProjectConfigurationPlatforms) = postSolution
		{E5EDF7D9-DE78-4C59-9D67-D47FC4A397B1}.Debug|Any CPU.ActiveCfg = Debug|Any CPU
		{E5EDF7D9-DE78-4C59-9D67-D47FC4A397B1}.Debug|Any CPU.Build.0 = Debug|Any CPU
		{E5EDF7D9-DE78-4C59-9D67-D47FC4A397B1}.Release|Any CPU.ActiveCfg = Release|Any CPU
		{E5EDF7D9-DE78-4C59-9D67-D47FC4A397B1}.Release|Any CPU.Build.0 = Release|Any CPU
		{D957F817-475B-4141-81D4-D628C5F54558}.Debug|Any CPU.ActiveCfg = Debug|Any CPU
		{D957F817-475B-4141-81D4-D628C5F54558}.Debug|Any CPU.Build.0 = Debug|Any CPU
		{D957F817-475B-4141-81D4-D628C5F54558}.Release|Any CPU.ActiveCfg = Release|Any CPU
		{D957F817-475B-4141-81D4-D628C5F54558}.Release|Any CPU.Build.0 = Release|Any CPU
	EndGlobalSection
	GlobalSection(SolutionProperties) = preSolution
		HideSolutionNode = FALSE
	EndGlobalSection
	GlobalSection(ExtensibilityGlobals) = postSolution
		SolutionGuid = {CA60CE73-28F5-4263-9F13-774872886C9D}
	EndGlobalSection
EndGlobal
