
Microsoft Visual Studio Solution File, Format Version 12.00
# Visual Studio 15
VisualStudioVersion = 15.0.26430.16
MinimumVisualStudioVersion = 10.0.40219.1
Project("{9A19103F-16F7-4668-BE54-9A1E7A4F7556}") = "Liberator.Driver", "Liberator.Driver\Liberator.Driver.csproj", "{8D7E3C7B-5470-406A-83FB-3D6CAA4FFC16}"
EndProject
Project("{FAE04EC0-301F-11D3-BF4B-00C04F79EFBC}") = "Liberator.DriverTests", "Liberator.DriverTests\Liberator.DriverTests.csproj", "{24751508-21C4-497E-AD4E-CBA2ADF8183A}"
	ProjectSection(ProjectDependencies) = postProject
		{8D7E3C7B-5470-406A-83FB-3D6CAA4FFC16} = {8D7E3C7B-5470-406A-83FB-3D6CAA4FFC16}
	EndProjectSection
EndProject
Global
	GlobalSection(SolutionConfigurationPlatforms) = preSolution
		Debug|Any CPU = Debug|Any CPU
		Debug|ARM = Debug|ARM
		Debug|x64 = Debug|x64
		Debug|x86 = Debug|x86
		Release|Any CPU = Release|Any CPU
		Release|ARM = Release|ARM
		Release|x64 = Release|x64
		Release|x86 = Release|x86
	EndGlobalSection
	GlobalSection(ProjectConfigurationPlatforms) = postSolution
		{8D7E3C7B-5470-406A-83FB-3D6CAA4FFC16}.Debug|Any CPU.ActiveCfg = Debug|Any CPU
		{8D7E3C7B-5470-406A-83FB-3D6CAA4FFC16}.Debug|Any CPU.Build.0 = Debug|Any CPU
		{8D7E3C7B-5470-406A-83FB-3D6CAA4FFC16}.Debug|ARM.ActiveCfg = Debug|Any CPU
		{8D7E3C7B-5470-406A-83FB-3D6CAA4FFC16}.Debug|ARM.Build.0 = Debug|Any CPU
		{8D7E3C7B-5470-406A-83FB-3D6CAA4FFC16}.Debug|x64.ActiveCfg = Debug|Any CPU
		{8D7E3C7B-5470-406A-83FB-3D6CAA4FFC16}.Debug|x64.Build.0 = Debug|Any CPU
		{8D7E3C7B-5470-406A-83FB-3D6CAA4FFC16}.Debug|x86.ActiveCfg = Debug|Any CPU
		{8D7E3C7B-5470-406A-83FB-3D6CAA4FFC16}.Debug|x86.Build.0 = Debug|Any CPU
		{8D7E3C7B-5470-406A-83FB-3D6CAA4FFC16}.Release|Any CPU.ActiveCfg = Release|Any CPU
		{8D7E3C7B-5470-406A-83FB-3D6CAA4FFC16}.Release|Any CPU.Build.0 = Release|Any CPU
		{8D7E3C7B-5470-406A-83FB-3D6CAA4FFC16}.Release|ARM.ActiveCfg = Release|Any CPU
		{8D7E3C7B-5470-406A-83FB-3D6CAA4FFC16}.Release|ARM.Build.0 = Release|Any CPU
		{8D7E3C7B-5470-406A-83FB-3D6CAA4FFC16}.Release|x64.ActiveCfg = Release|Any CPU
		{8D7E3C7B-5470-406A-83FB-3D6CAA4FFC16}.Release|x64.Build.0 = Release|Any CPU
		{8D7E3C7B-5470-406A-83FB-3D6CAA4FFC16}.Release|x86.ActiveCfg = Release|Any CPU
		{8D7E3C7B-5470-406A-83FB-3D6CAA4FFC16}.Release|x86.Build.0 = Release|Any CPU
		{24751508-21C4-497E-AD4E-CBA2ADF8183A}.Debug|Any CPU.ActiveCfg = Debug|Any CPU
		{24751508-21C4-497E-AD4E-CBA2ADF8183A}.Debug|Any CPU.Build.0 = Debug|Any CPU
		{24751508-21C4-497E-AD4E-CBA2ADF8183A}.Debug|ARM.ActiveCfg = Debug|Any CPU
		{24751508-21C4-497E-AD4E-CBA2ADF8183A}.Debug|ARM.Build.0 = Debug|Any CPU
		{24751508-21C4-497E-AD4E-CBA2ADF8183A}.Debug|x64.ActiveCfg = Debug|Any CPU
		{24751508-21C4-497E-AD4E-CBA2ADF8183A}.Debug|x64.Build.0 = Debug|Any CPU
		{24751508-21C4-497E-AD4E-CBA2ADF8183A}.Debug|x86.ActiveCfg = Debug|Any CPU
		{24751508-21C4-497E-AD4E-CBA2ADF8183A}.Debug|x86.Build.0 = Debug|Any CPU
		{24751508-21C4-497E-AD4E-CBA2ADF8183A}.Release|Any CPU.ActiveCfg = Release|Any CPU
		{24751508-21C4-497E-AD4E-CBA2ADF8183A}.Release|Any CPU.Build.0 = Release|Any CPU
		{24751508-21C4-497E-AD4E-CBA2ADF8183A}.Release|ARM.ActiveCfg = Release|Any CPU
		{24751508-21C4-497E-AD4E-CBA2ADF8183A}.Release|ARM.Build.0 = Release|Any CPU
		{24751508-21C4-497E-AD4E-CBA2ADF8183A}.Release|x64.ActiveCfg = Release|Any CPU
		{24751508-21C4-497E-AD4E-CBA2ADF8183A}.Release|x64.Build.0 = Release|Any CPU
		{24751508-21C4-497E-AD4E-CBA2ADF8183A}.Release|x86.ActiveCfg = Release|Any CPU
		{24751508-21C4-497E-AD4E-CBA2ADF8183A}.Release|x86.Build.0 = Release|Any CPU
	EndGlobalSection
	GlobalSection(SolutionProperties) = preSolution
		HideSolutionNode = FALSE
	EndGlobalSection
	GlobalSection(ExtensibilityGlobals) = postSolution
		SolutionGuid = {89EDEA4C-1D8E-43A8-9C3B-5E0053D6399B}
	EndGlobalSection
EndGlobal
